
Microsoft Visual Studio Solution File, Format Version 12.00
Project("{FAE04EC0-301F-11D3-BF4B-00C04F79EFBC}") = "RevitLookup.Abstractions", "source\RevitLookup.Abstractions\RevitLookup.Abstractions.csproj", "{71AAD043-A063-F08F-42F4-BF2AA43BEDA4}"
EndProject
Project("{FAE04EC0-301F-11D3-BF4B-00C04F79EFBC}") = "RevitLookup.Common", "source\RevitLookup.Common\RevitLookup.Common.csproj", "{73ABAE95-3197-9EDD-91B6-7E98656CF7D1}"
EndProject
Project("{2150E333-8FDC-42A3-9474-1A3956D46DE8}") = "Automation", "Automation", "{BE4A8008-4A00-8C08-26C2-BD576741EBBE}"
EndProject
Project("{FAE04EC0-301F-11D3-BF4B-00C04F79EFBC}") = "Build", "build\Build.csproj", "{7DF908B3-503D-51C2-3675-626DC2895B77}"
EndProject
Project("{FAE04EC0-301F-11D3-BF4B-00C04F79EFBC}") = "Installer", "install\Installer.csproj", "{0B3682BA-1074-598D-D8A6-04BB7116F36C}"
EndProject
Project("{2150E333-8FDC-42A3-9474-1A3956D46DE8}") = "Engine", "Engine", "{D585295F-7994-3649-1065-7AA403C41681}"
EndProject
Project("{FAE04EC0-301F-11D3-BF4B-00C04F79EFBC}") = "LookupEngine.Abstractions", "source\LookupEngine.Abstractions\LookupEngine.Abstractions.csproj", "{C075FD80-58C0-8D06-69F2-853E4D51AFE8}"
EndProject
Project("{FAE04EC0-301F-11D3-BF4B-00C04F79EFBC}") = "LookupEngine", "source\LookupEngine\LookupEngine.csproj", "{BD145DF8-35DF-8587-A26B-968A550D1D06}"
EndProject
Project("{2150E333-8FDC-42A3-9474-1A3956D46DE8}") = "Frontend", "Frontend", "{CE609670-85B9-0D16-FB54-ED063D5D8A6D}"
EndProject
Project("{FAE04EC0-301F-11D3-BF4B-00C04F79EFBC}") = "RevitLookup.UI.Abstractions", "source\RevitLookup.UI.Abstractions\RevitLookup.UI.Abstractions.csproj", "{B687BEC0-11DB-7690-478A-444D8D9FCE25}"
EndProject
Project("{FAE04EC0-301F-11D3-BF4B-00C04F79EFBC}") = "RevitLookup.UI.Framework", "source\RevitLookup.UI.Framework\RevitLookup.UI.Framework.csproj", "{925534FD-C38B-5571-23B0-62982B24DC6C}"
EndProject
Project("{FAE04EC0-301F-11D3-BF4B-00C04F79EFBC}") = "RevitLookup.UI.Playground", "source\RevitLookup.UI.Playground\RevitLookup.UI.Playground.csproj", "{4FADCDA4-2A63-BF3E-03C8-20102440CA7C}"
EndProject
Project("{FAE04EC0-301F-11D3-BF4B-00C04F79EFBC}") = "RevitLookup.UI", "source\RevitLookup.UI\RevitLookup.UI.csproj", "{DED9FF57-E78C-F4C2-9CFD-368819DFE4C1}"
EndProject
Project("{2150E333-8FDC-42A3-9474-1A3956D46DE8}") = "Revit", "Revit", "{D64246B1-3E22-9D95-23C6-14262B074D58}"
EndProject
Project("{FAE04EC0-301F-11D3-BF4B-00C04F79EFBC}") = "RevitLookup", "source\RevitLookup\RevitLookup.csproj", "{7B7CA95C-9873-5ADB-DBCF-B46046742163}"
EndProject
Project("{2150E333-8FDC-42A3-9474-1A3956D46DE8}") = "Solution Items", "Solution Items", "{089100B1-113F-4E66-888A-E83F3999EAFD}"
	ProjectSection(SolutionItems) = preProject
		Readme.md = Readme.md
		Changelog.md = Changelog.md
		Contributing.md = Contributing.md
		Build\Build.Configuration.cs = Build\Build.Configuration.cs
		Directory.Packages.props = Directory.Packages.props
		Directory.Build.props = Directory.Build.props
	EndProjectSection
EndProject
Project("{2150E333-8FDC-42A3-9474-1A3956D46DE8}") = "Tests", "Tests", "{0AB3BF05-4346-4AA6-1389-037BE0695223}"
EndProject
Project("{FAE04EC0-301F-11D3-BF4B-00C04F79EFBC}") = "LookupEngine.Tests.Performance", "tests\LookupEngine.Tests.Performance\LookupEngine.Tests.Performance.csproj", "{280FCE1F-F215-F89A-D710-1D9770067692}"
EndProject
Project("{FAE04EC0-301F-11D3-BF4B-00C04F79EFBC}") = "LookupEngine.Tests.Unit", "tests\LookupEngine.Tests.Unit\LookupEngine.Tests.Unit.csproj", "{E8D6B99E-2C38-C524-525B-EF812BB3926C}"
EndProject
Global
	GlobalSection(SolutionConfigurationPlatforms) = preSolution
		Debug Engine|Any CPU = Debug Engine|Any CPU
		Debug Frontend|Any CPU = Debug Frontend|Any CPU
		Debug R21|Any CPU = Debug R21|Any CPU
		Debug R22|Any CPU = Debug R22|Any CPU
		Debug R23|Any CPU = Debug R23|Any CPU
		Debug R24|Any CPU = Debug R24|Any CPU
		Debug R25|Any CPU = Debug R25|Any CPU
		Debug R26|Any CPU = Debug R26|Any CPU
		Release Automation|Any CPU = Release Automation|Any CPU
		Release Engine|Any CPU = Release Engine|Any CPU
		Release Frontend|Any CPU = Release Frontend|Any CPU
		Release R21|Any CPU = Release R21|Any CPU
		Release R22|Any CPU = Release R22|Any CPU
		Release R23|Any CPU = Release R23|Any CPU
		Release R24|Any CPU = Release R24|Any CPU
		Release R25|Any CPU = Release R25|Any CPU
		Release R26|Any CPU = Release R26|Any CPU
	EndGlobalSection
	GlobalSection(ProjectConfigurationPlatforms) = postSolution
		{71AAD043-A063-F08F-42F4-BF2AA43BEDA4}.Debug Engine|Any CPU.ActiveCfg = Debug|Any CPU
		{71AAD043-A063-F08F-42F4-BF2AA43BEDA4}.Debug Frontend|Any CPU.ActiveCfg = Debug|Any CPU
		{71AAD043-A063-F08F-42F4-BF2AA43BEDA4}.Debug Frontend|Any CPU.Build.0 = Debug|Any CPU
		{71AAD043-A063-F08F-42F4-BF2AA43BEDA4}.Debug R21|Any CPU.ActiveCfg = Debug|Any CPU
		{71AAD043-A063-F08F-42F4-BF2AA43BEDA4}.Debug R21|Any CPU.Build.0 = Debug|Any CPU
		{71AAD043-A063-F08F-42F4-BF2AA43BEDA4}.Debug R22|Any CPU.ActiveCfg = Debug|Any CPU
		{71AAD043-A063-F08F-42F4-BF2AA43BEDA4}.Debug R22|Any CPU.Build.0 = Debug|Any CPU
		{71AAD043-A063-F08F-42F4-BF2AA43BEDA4}.Debug R23|Any CPU.ActiveCfg = Debug|Any CPU
		{71AAD043-A063-F08F-42F4-BF2AA43BEDA4}.Debug R23|Any CPU.Build.0 = Debug|Any CPU
		{71AAD043-A063-F08F-42F4-BF2AA43BEDA4}.Debug R24|Any CPU.ActiveCfg = Debug|Any CPU
		{71AAD043-A063-F08F-42F4-BF2AA43BEDA4}.Debug R24|Any CPU.Build.0 = Debug|Any CPU
		{71AAD043-A063-F08F-42F4-BF2AA43BEDA4}.Debug R25|Any CPU.ActiveCfg = Debug|Any CPU
		{71AAD043-A063-F08F-42F4-BF2AA43BEDA4}.Debug R25|Any CPU.Build.0 = Debug|Any CPU
		{71AAD043-A063-F08F-42F4-BF2AA43BEDA4}.Debug R26|Any CPU.ActiveCfg = Debug|Any CPU
		{71AAD043-A063-F08F-42F4-BF2AA43BEDA4}.Debug R26|Any CPU.Build.0 = Debug|Any CPU
		{71AAD043-A063-F08F-42F4-BF2AA43BEDA4}.Release Automation|Any CPU.ActiveCfg = Release|Any CPU
		{71AAD043-A063-F08F-42F4-BF2AA43BEDA4}.Release Engine|Any CPU.ActiveCfg = Release|Any CPU
		{71AAD043-A063-F08F-42F4-BF2AA43BEDA4}.Release Frontend|Any CPU.ActiveCfg = Release|Any CPU
		{71AAD043-A063-F08F-42F4-BF2AA43BEDA4}.Release Frontend|Any CPU.Build.0 = Release|Any CPU
		{71AAD043-A063-F08F-42F4-BF2AA43BEDA4}.Release R21|Any CPU.ActiveCfg = Release|Any CPU
		{71AAD043-A063-F08F-42F4-BF2AA43BEDA4}.Release R21|Any CPU.Build.0 = Release|Any CPU
		{71AAD043-A063-F08F-42F4-BF2AA43BEDA4}.Release R22|Any CPU.ActiveCfg = Release|Any CPU
		{71AAD043-A063-F08F-42F4-BF2AA43BEDA4}.Release R22|Any CPU.Build.0 = Release|Any CPU
		{71AAD043-A063-F08F-42F4-BF2AA43BEDA4}.Release R23|Any CPU.ActiveCfg = Release|Any CPU
		{71AAD043-A063-F08F-42F4-BF2AA43BEDA4}.Release R23|Any CPU.Build.0 = Release|Any CPU
		{71AAD043-A063-F08F-42F4-BF2AA43BEDA4}.Release R24|Any CPU.ActiveCfg = Release|Any CPU
		{71AAD043-A063-F08F-42F4-BF2AA43BEDA4}.Release R24|Any CPU.Build.0 = Release|Any CPU
		{71AAD043-A063-F08F-42F4-BF2AA43BEDA4}.Release R25|Any CPU.ActiveCfg = Release|Any CPU
		{71AAD043-A063-F08F-42F4-BF2AA43BEDA4}.Release R25|Any CPU.Build.0 = Release|Any CPU
		{71AAD043-A063-F08F-42F4-BF2AA43BEDA4}.Release R26|Any CPU.ActiveCfg = Release|Any CPU
		{71AAD043-A063-F08F-42F4-BF2AA43BEDA4}.Release R26|Any CPU.Build.0 = Release|Any CPU
		{73ABAE95-3197-9EDD-91B6-7E98656CF7D1}.Debug Engine|Any CPU.ActiveCfg = Debug|Any CPU
		{73ABAE95-3197-9EDD-91B6-7E98656CF7D1}.Debug Frontend|Any CPU.ActiveCfg = Debug|Any CPU
		{73ABAE95-3197-9EDD-91B6-7E98656CF7D1}.Debug Frontend|Any CPU.Build.0 = Debug|Any CPU
		{73ABAE95-3197-9EDD-91B6-7E98656CF7D1}.Debug R21|Any CPU.ActiveCfg = Debug|Any CPU
		{73ABAE95-3197-9EDD-91B6-7E98656CF7D1}.Debug R21|Any CPU.Build.0 = Debug|Any CPU
		{73ABAE95-3197-9EDD-91B6-7E98656CF7D1}.Debug R22|Any CPU.ActiveCfg = Debug|Any CPU
		{73ABAE95-3197-9EDD-91B6-7E98656CF7D1}.Debug R22|Any CPU.Build.0 = Debug|Any CPU
		{73ABAE95-3197-9EDD-91B6-7E98656CF7D1}.Debug R23|Any CPU.ActiveCfg = Debug|Any CPU
		{73ABAE95-3197-9EDD-91B6-7E98656CF7D1}.Debug R23|Any CPU.Build.0 = Debug|Any CPU
		{73ABAE95-3197-9EDD-91B6-7E98656CF7D1}.Debug R24|Any CPU.ActiveCfg = Debug|Any CPU
		{73ABAE95-3197-9EDD-91B6-7E98656CF7D1}.Debug R24|Any CPU.Build.0 = Debug|Any CPU
		{73ABAE95-3197-9EDD-91B6-7E98656CF7D1}.Debug R25|Any CPU.ActiveCfg = Debug|Any CPU
		{73ABAE95-3197-9EDD-91B6-7E98656CF7D1}.Debug R25|Any CPU.Build.0 = Debug|Any CPU
		{73ABAE95-3197-9EDD-91B6-7E98656CF7D1}.Debug R26|Any CPU.ActiveCfg = Debug|Any CPU
		{73ABAE95-3197-9EDD-91B6-7E98656CF7D1}.Debug R26|Any CPU.Build.0 = Debug|Any CPU
		{73ABAE95-3197-9EDD-91B6-7E98656CF7D1}.Release Automation|Any CPU.ActiveCfg = Release|Any CPU
		{73ABAE95-3197-9EDD-91B6-7E98656CF7D1}.Release Engine|Any CPU.ActiveCfg = Release|Any CPU
		{73ABAE95-3197-9EDD-91B6-7E98656CF7D1}.Release Frontend|Any CPU.ActiveCfg = Release|Any CPU
		{73ABAE95-3197-9EDD-91B6-7E98656CF7D1}.Release Frontend|Any CPU.Build.0 = Release|Any CPU
		{73ABAE95-3197-9EDD-91B6-7E98656CF7D1}.Release R21|Any CPU.ActiveCfg = Release|Any CPU
		{73ABAE95-3197-9EDD-91B6-7E98656CF7D1}.Release R21|Any CPU.Build.0 = Release|Any CPU
		{73ABAE95-3197-9EDD-91B6-7E98656CF7D1}.Release R22|Any CPU.ActiveCfg = Release|Any CPU
		{73ABAE95-3197-9EDD-91B6-7E98656CF7D1}.Release R22|Any CPU.Build.0 = Release|Any CPU
		{73ABAE95-3197-9EDD-91B6-7E98656CF7D1}.Release R23|Any CPU.ActiveCfg = Release|Any CPU
		{73ABAE95-3197-9EDD-91B6-7E98656CF7D1}.Release R23|Any CPU.Build.0 = Release|Any CPU
		{73ABAE95-3197-9EDD-91B6-7E98656CF7D1}.Release R24|Any CPU.ActiveCfg = Release|Any CPU
		{73ABAE95-3197-9EDD-91B6-7E98656CF7D1}.Release R24|Any CPU.Build.0 = Release|Any CPU
		{73ABAE95-3197-9EDD-91B6-7E98656CF7D1}.Release R25|Any CPU.ActiveCfg = Release|Any CPU
		{73ABAE95-3197-9EDD-91B6-7E98656CF7D1}.Release R25|Any CPU.Build.0 = Release|Any CPU
		{73ABAE95-3197-9EDD-91B6-7E98656CF7D1}.Release R26|Any CPU.ActiveCfg = Release|Any CPU
		{73ABAE95-3197-9EDD-91B6-7E98656CF7D1}.Release R26|Any CPU.Build.0 = Release|Any CPU
		{7DF908B3-503D-51C2-3675-626DC2895B77}.Debug Engine|Any CPU.ActiveCfg = Debug|Any CPU
		{7DF908B3-503D-51C2-3675-626DC2895B77}.Debug Frontend|Any CPU.ActiveCfg = Debug|Any CPU
		{7DF908B3-503D-51C2-3675-626DC2895B77}.Debug R21|Any CPU.ActiveCfg = Debug|Any CPU
		{7DF908B3-503D-51C2-3675-626DC2895B77}.Debug R22|Any CPU.ActiveCfg = Debug|Any CPU
		{7DF908B3-503D-51C2-3675-626DC2895B77}.Debug R23|Any CPU.ActiveCfg = Debug|Any CPU
		{7DF908B3-503D-51C2-3675-626DC2895B77}.Debug R24|Any CPU.ActiveCfg = Debug|Any CPU
		{7DF908B3-503D-51C2-3675-626DC2895B77}.Debug R25|Any CPU.ActiveCfg = Debug|Any CPU
		{7DF908B3-503D-51C2-3675-626DC2895B77}.Debug R26|Any CPU.ActiveCfg = Debug|Any CPU
		{7DF908B3-503D-51C2-3675-626DC2895B77}.Release Automation|Any CPU.ActiveCfg = Release|Any CPU
		{7DF908B3-503D-51C2-3675-626DC2895B77}.Release Engine|Any CPU.ActiveCfg = Release|Any CPU
		{7DF908B3-503D-51C2-3675-626DC2895B77}.Release Frontend|Any CPU.ActiveCfg = Release|Any CPU
		{7DF908B3-503D-51C2-3675-626DC2895B77}.Release R21|Any CPU.ActiveCfg = Release|Any CPU
		{7DF908B3-503D-51C2-3675-626DC2895B77}.Release R22|Any CPU.ActiveCfg = Release|Any CPU
		{7DF908B3-503D-51C2-3675-626DC2895B77}.Release R23|Any CPU.ActiveCfg = Release|Any CPU
		{7DF908B3-503D-51C2-3675-626DC2895B77}.Release R24|Any CPU.ActiveCfg = Release|Any CPU
		{7DF908B3-503D-51C2-3675-626DC2895B77}.Release R25|Any CPU.ActiveCfg = Release|Any CPU
		{7DF908B3-503D-51C2-3675-626DC2895B77}.Release R26|Any CPU.ActiveCfg = Release|Any CPU
		{0B3682BA-1074-598D-D8A6-04BB7116F36C}.Debug Engine|Any CPU.ActiveCfg = Debug|Any CPU
		{0B3682BA-1074-598D-D8A6-04BB7116F36C}.Debug Frontend|Any CPU.ActiveCfg = Debug|Any CPU
		{0B3682BA-1074-598D-D8A6-04BB7116F36C}.Debug R21|Any CPU.ActiveCfg = Debug|Any CPU
		{0B3682BA-1074-598D-D8A6-04BB7116F36C}.Debug R22|Any CPU.ActiveCfg = Debug|Any CPU
		{0B3682BA-1074-598D-D8A6-04BB7116F36C}.Debug R23|Any CPU.ActiveCfg = Debug|Any CPU
		{0B3682BA-1074-598D-D8A6-04BB7116F36C}.Debug R24|Any CPU.ActiveCfg = Debug|Any CPU
		{0B3682BA-1074-598D-D8A6-04BB7116F36C}.Debug R25|Any CPU.ActiveCfg = Debug|Any CPU
		{0B3682BA-1074-598D-D8A6-04BB7116F36C}.Debug R26|Any CPU.ActiveCfg = Debug|Any CPU
		{0B3682BA-1074-598D-D8A6-04BB7116F36C}.Release Automation|Any CPU.ActiveCfg = Release|Any CPU
		{0B3682BA-1074-598D-D8A6-04BB7116F36C}.Release Automation|Any CPU.Build.0 = Release|Any CPU
		{0B3682BA-1074-598D-D8A6-04BB7116F36C}.Release Engine|Any CPU.ActiveCfg = Release|Any CPU
		{0B3682BA-1074-598D-D8A6-04BB7116F36C}.Release Frontend|Any CPU.ActiveCfg = Release|Any CPU
		{0B3682BA-1074-598D-D8A6-04BB7116F36C}.Release R21|Any CPU.ActiveCfg = Release|Any CPU
		{0B3682BA-1074-598D-D8A6-04BB7116F36C}.Release R22|Any CPU.ActiveCfg = Release|Any CPU
		{0B3682BA-1074-598D-D8A6-04BB7116F36C}.Release R23|Any CPU.ActiveCfg = Release|Any CPU
		{0B3682BA-1074-598D-D8A6-04BB7116F36C}.Release R24|Any CPU.ActiveCfg = Release|Any CPU
		{0B3682BA-1074-598D-D8A6-04BB7116F36C}.Release R25|Any CPU.ActiveCfg = Release|Any CPU
		{0B3682BA-1074-598D-D8A6-04BB7116F36C}.Release R26|Any CPU.ActiveCfg = Release|Any CPU
		{C075FD80-58C0-8D06-69F2-853E4D51AFE8}.Debug Engine|Any CPU.ActiveCfg = Debug|Any CPU
		{C075FD80-58C0-8D06-69F2-853E4D51AFE8}.Debug Engine|Any CPU.Build.0 = Debug|Any CPU
		{C075FD80-58C0-8D06-69F2-853E4D51AFE8}.Debug Frontend|Any CPU.ActiveCfg = Debug|Any CPU
		{C075FD80-58C0-8D06-69F2-853E4D51AFE8}.Debug Frontend|Any CPU.Build.0 = Debug|Any CPU
		{C075FD80-58C0-8D06-69F2-853E4D51AFE8}.Debug R21|Any CPU.ActiveCfg = Debug|Any CPU
		{C075FD80-58C0-8D06-69F2-853E4D51AFE8}.Debug R21|Any CPU.Build.0 = Debug|Any CPU
		{C075FD80-58C0-8D06-69F2-853E4D51AFE8}.Debug R22|Any CPU.ActiveCfg = Debug|Any CPU
		{C075FD80-58C0-8D06-69F2-853E4D51AFE8}.Debug R22|Any CPU.Build.0 = Debug|Any CPU
		{C075FD80-58C0-8D06-69F2-853E4D51AFE8}.Debug R23|Any CPU.ActiveCfg = Debug|Any CPU
		{C075FD80-58C0-8D06-69F2-853E4D51AFE8}.Debug R23|Any CPU.Build.0 = Debug|Any CPU
		{C075FD80-58C0-8D06-69F2-853E4D51AFE8}.Debug R24|Any CPU.ActiveCfg = Debug|Any CPU
		{C075FD80-58C0-8D06-69F2-853E4D51AFE8}.Debug R24|Any CPU.Build.0 = Debug|Any CPU
		{C075FD80-58C0-8D06-69F2-853E4D51AFE8}.Debug R25|Any CPU.ActiveCfg = Debug|Any CPU
		{C075FD80-58C0-8D06-69F2-853E4D51AFE8}.Debug R25|Any CPU.Build.0 = Debug|Any CPU
		{C075FD80-58C0-8D06-69F2-853E4D51AFE8}.Debug R26|Any CPU.ActiveCfg = Debug|Any CPU
		{C075FD80-58C0-8D06-69F2-853E4D51AFE8}.Debug R26|Any CPU.Build.0 = Debug|Any CPU
		{C075FD80-58C0-8D06-69F2-853E4D51AFE8}.Release Automation|Any CPU.ActiveCfg = Release|Any CPU
		{C075FD80-58C0-8D06-69F2-853E4D51AFE8}.Release Engine|Any CPU.ActiveCfg = Release|Any CPU
		{C075FD80-58C0-8D06-69F2-853E4D51AFE8}.Release Engine|Any CPU.Build.0 = Release|Any CPU
		{C075FD80-58C0-8D06-69F2-853E4D51AFE8}.Release Frontend|Any CPU.ActiveCfg = Release|Any CPU
		{C075FD80-58C0-8D06-69F2-853E4D51AFE8}.Release Frontend|Any CPU.Build.0 = Release|Any CPU
		{C075FD80-58C0-8D06-69F2-853E4D51AFE8}.Release R21|Any CPU.ActiveCfg = Release|Any CPU
		{C075FD80-58C0-8D06-69F2-853E4D51AFE8}.Release R21|Any CPU.Build.0 = Release|Any CPU
		{C075FD80-58C0-8D06-69F2-853E4D51AFE8}.Release R22|Any CPU.ActiveCfg = Release|Any CPU
		{C075FD80-58C0-8D06-69F2-853E4D51AFE8}.Release R22|Any CPU.Build.0 = Release|Any CPU
		{C075FD80-58C0-8D06-69F2-853E4D51AFE8}.Release R23|Any CPU.ActiveCfg = Release|Any CPU
		{C075FD80-58C0-8D06-69F2-853E4D51AFE8}.Release R23|Any CPU.Build.0 = Release|Any CPU
		{C075FD80-58C0-8D06-69F2-853E4D51AFE8}.Release R24|Any CPU.ActiveCfg = Release|Any CPU
		{C075FD80-58C0-8D06-69F2-853E4D51AFE8}.Release R24|Any CPU.Build.0 = Release|Any CPU
		{C075FD80-58C0-8D06-69F2-853E4D51AFE8}.Release R25|Any CPU.ActiveCfg = Release|Any CPU
		{C075FD80-58C0-8D06-69F2-853E4D51AFE8}.Release R25|Any CPU.Build.0 = Release|Any CPU
		{C075FD80-58C0-8D06-69F2-853E4D51AFE8}.Release R26|Any CPU.ActiveCfg = Release|Any CPU
		{C075FD80-58C0-8D06-69F2-853E4D51AFE8}.Release R26|Any CPU.Build.0 = Release|Any CPU
		{BD145DF8-35DF-8587-A26B-968A550D1D06}.Debug Engine|Any CPU.ActiveCfg = Debug|Any CPU
		{BD145DF8-35DF-8587-A26B-968A550D1D06}.Debug Engine|Any CPU.Build.0 = Debug|Any CPU
		{BD145DF8-35DF-8587-A26B-968A550D1D06}.Debug Frontend|Any CPU.ActiveCfg = Debug|Any CPU
		{BD145DF8-35DF-8587-A26B-968A550D1D06}.Debug Frontend|Any CPU.Build.0 = Debug|Any CPU
		{BD145DF8-35DF-8587-A26B-968A550D1D06}.Debug R21|Any CPU.ActiveCfg = Debug|Any CPU
		{BD145DF8-35DF-8587-A26B-968A550D1D06}.Debug R21|Any CPU.Build.0 = Debug|Any CPU
		{BD145DF8-35DF-8587-A26B-968A550D1D06}.Debug R22|Any CPU.ActiveCfg = Debug|Any CPU
		{BD145DF8-35DF-8587-A26B-968A550D1D06}.Debug R22|Any CPU.Build.0 = Debug|Any CPU
		{BD145DF8-35DF-8587-A26B-968A550D1D06}.Debug R23|Any CPU.ActiveCfg = Debug|Any CPU
		{BD145DF8-35DF-8587-A26B-968A550D1D06}.Debug R23|Any CPU.Build.0 = Debug|Any CPU
		{BD145DF8-35DF-8587-A26B-968A550D1D06}.Debug R24|Any CPU.ActiveCfg = Debug|Any CPU
		{BD145DF8-35DF-8587-A26B-968A550D1D06}.Debug R24|Any CPU.Build.0 = Debug|Any CPU
		{BD145DF8-35DF-8587-A26B-968A550D1D06}.Debug R25|Any CPU.ActiveCfg = Debug|Any CPU
		{BD145DF8-35DF-8587-A26B-968A550D1D06}.Debug R25|Any CPU.Build.0 = Debug|Any CPU
		{BD145DF8-35DF-8587-A26B-968A550D1D06}.Debug R26|Any CPU.ActiveCfg = Debug|Any CPU
		{BD145DF8-35DF-8587-A26B-968A550D1D06}.Debug R26|Any CPU.Build.0 = Debug|Any CPU
		{BD145DF8-35DF-8587-A26B-968A550D1D06}.Release Automation|Any CPU.ActiveCfg = Release|Any CPU
		{BD145DF8-35DF-8587-A26B-968A550D1D06}.Release Engine|Any CPU.ActiveCfg = Release|Any CPU
		{BD145DF8-35DF-8587-A26B-968A550D1D06}.Release Engine|Any CPU.Build.0 = Release|Any CPU
		{BD145DF8-35DF-8587-A26B-968A550D1D06}.Release Frontend|Any CPU.ActiveCfg = Release|Any CPU
		{BD145DF8-35DF-8587-A26B-968A550D1D06}.Release Frontend|Any CPU.Build.0 = Release|Any CPU
		{BD145DF8-35DF-8587-A26B-968A550D1D06}.Release R21|Any CPU.ActiveCfg = Release|Any CPU
		{BD145DF8-35DF-8587-A26B-968A550D1D06}.Release R21|Any CPU.Build.0 = Release|Any CPU
		{BD145DF8-35DF-8587-A26B-968A550D1D06}.Release R22|Any CPU.ActiveCfg = Release|Any CPU
		{BD145DF8-35DF-8587-A26B-968A550D1D06}.Release R22|Any CPU.Build.0 = Release|Any CPU
		{BD145DF8-35DF-8587-A26B-968A550D1D06}.Release R23|Any CPU.ActiveCfg = Release|Any CPU
		{BD145DF8-35DF-8587-A26B-968A550D1D06}.Release R23|Any CPU.Build.0 = Release|Any CPU
		{BD145DF8-35DF-8587-A26B-968A550D1D06}.Release R24|Any CPU.ActiveCfg = Release|Any CPU
		{BD145DF8-35DF-8587-A26B-968A550D1D06}.Release R24|Any CPU.Build.0 = Release|Any CPU
		{BD145DF8-35DF-8587-A26B-968A550D1D06}.Release R25|Any CPU.ActiveCfg = Release|Any CPU
		{BD145DF8-35DF-8587-A26B-968A550D1D06}.Release R25|Any CPU.Build.0 = Release|Any CPU
		{BD145DF8-35DF-8587-A26B-968A550D1D06}.Release R26|Any CPU.ActiveCfg = Release|Any CPU
		{BD145DF8-35DF-8587-A26B-968A550D1D06}.Release R26|Any CPU.Build.0 = Release|Any CPU
		{B687BEC0-11DB-7690-478A-444D8D9FCE25}.Debug Engine|Any CPU.ActiveCfg = Debug|Any CPU
		{B687BEC0-11DB-7690-478A-444D8D9FCE25}.Debug Frontend|Any CPU.ActiveCfg = Debug|Any CPU
		{B687BEC0-11DB-7690-478A-444D8D9FCE25}.Debug Frontend|Any CPU.Build.0 = Debug|Any CPU
		{B687BEC0-11DB-7690-478A-444D8D9FCE25}.Debug R21|Any CPU.ActiveCfg = Debug|Any CPU
		{B687BEC0-11DB-7690-478A-444D8D9FCE25}.Debug R21|Any CPU.Build.0 = Debug|Any CPU
		{B687BEC0-11DB-7690-478A-444D8D9FCE25}.Debug R22|Any CPU.ActiveCfg = Debug|Any CPU
		{B687BEC0-11DB-7690-478A-444D8D9FCE25}.Debug R22|Any CPU.Build.0 = Debug|Any CPU
		{B687BEC0-11DB-7690-478A-444D8D9FCE25}.Debug R23|Any CPU.ActiveCfg = Debug|Any CPU
		{B687BEC0-11DB-7690-478A-444D8D9FCE25}.Debug R23|Any CPU.Build.0 = Debug|Any CPU
		{B687BEC0-11DB-7690-478A-444D8D9FCE25}.Debug R24|Any CPU.ActiveCfg = Debug|Any CPU
		{B687BEC0-11DB-7690-478A-444D8D9FCE25}.Debug R24|Any CPU.Build.0 = Debug|Any CPU
		{B687BEC0-11DB-7690-478A-444D8D9FCE25}.Debug R25|Any CPU.ActiveCfg = Debug|Any CPU
		{B687BEC0-11DB-7690-478A-444D8D9FCE25}.Debug R25|Any CPU.Build.0 = Debug|Any CPU
		{B687BEC0-11DB-7690-478A-444D8D9FCE25}.Debug R26|Any CPU.ActiveCfg = Debug|Any CPU
		{B687BEC0-11DB-7690-478A-444D8D9FCE25}.Debug R26|Any CPU.Build.0 = Debug|Any CPU
		{B687BEC0-11DB-7690-478A-444D8D9FCE25}.Release Automation|Any CPU.ActiveCfg = Release|Any CPU
		{B687BEC0-11DB-7690-478A-444D8D9FCE25}.Release Engine|Any CPU.ActiveCfg = Release|Any CPU
		{B687BEC0-11DB-7690-478A-444D8D9FCE25}.Release Frontend|Any CPU.ActiveCfg = Release|Any CPU
		{B687BEC0-11DB-7690-478A-444D8D9FCE25}.Release Frontend|Any CPU.Build.0 = Release|Any CPU
		{B687BEC0-11DB-7690-478A-444D8D9FCE25}.Release R21|Any CPU.ActiveCfg = Release|Any CPU
		{B687BEC0-11DB-7690-478A-444D8D9FCE25}.Release R21|Any CPU.Build.0 = Release|Any CPU
		{B687BEC0-11DB-7690-478A-444D8D9FCE25}.Release R22|Any CPU.ActiveCfg = Release|Any CPU
		{B687BEC0-11DB-7690-478A-444D8D9FCE25}.Release R22|Any CPU.Build.0 = Release|Any CPU
		{B687BEC0-11DB-7690-478A-444D8D9FCE25}.Release R23|Any CPU.ActiveCfg = Release|Any CPU
		{B687BEC0-11DB-7690-478A-444D8D9FCE25}.Release R23|Any CPU.Build.0 = Release|Any CPU
		{B687BEC0-11DB-7690-478A-444D8D9FCE25}.Release R24|Any CPU.ActiveCfg = Release|Any CPU
		{B687BEC0-11DB-7690-478A-444D8D9FCE25}.Release R24|Any CPU.Build.0 = Release|Any CPU
		{B687BEC0-11DB-7690-478A-444D8D9FCE25}.Release R25|Any CPU.ActiveCfg = Release|Any CPU
		{B687BEC0-11DB-7690-478A-444D8D9FCE25}.Release R25|Any CPU.Build.0 = Release|Any CPU
		{B687BEC0-11DB-7690-478A-444D8D9FCE25}.Release R26|Any CPU.ActiveCfg = Release|Any CPU
		{B687BEC0-11DB-7690-478A-444D8D9FCE25}.Release R26|Any CPU.Build.0 = Release|Any CPU
		{925534FD-C38B-5571-23B0-62982B24DC6C}.Debug Engine|Any CPU.ActiveCfg = Debug|Any CPU
		{925534FD-C38B-5571-23B0-62982B24DC6C}.Debug Frontend|Any CPU.ActiveCfg = Debug|Any CPU
		{925534FD-C38B-5571-23B0-62982B24DC6C}.Debug Frontend|Any CPU.Build.0 = Debug|Any CPU
		{925534FD-C38B-5571-23B0-62982B24DC6C}.Debug R21|Any CPU.ActiveCfg = Debug|Any CPU
		{925534FD-C38B-5571-23B0-62982B24DC6C}.Debug R21|Any CPU.Build.0 = Debug|Any CPU
		{925534FD-C38B-5571-23B0-62982B24DC6C}.Debug R22|Any CPU.ActiveCfg = Debug|Any CPU
		{925534FD-C38B-5571-23B0-62982B24DC6C}.Debug R22|Any CPU.Build.0 = Debug|Any CPU
		{925534FD-C38B-5571-23B0-62982B24DC6C}.Debug R23|Any CPU.ActiveCfg = Debug|Any CPU
		{925534FD-C38B-5571-23B0-62982B24DC6C}.Debug R23|Any CPU.Build.0 = Debug|Any CPU
		{925534FD-C38B-5571-23B0-62982B24DC6C}.Debug R24|Any CPU.ActiveCfg = Debug|Any CPU
		{925534FD-C38B-5571-23B0-62982B24DC6C}.Debug R24|Any CPU.Build.0 = Debug|Any CPU
		{925534FD-C38B-5571-23B0-62982B24DC6C}.Debug R25|Any CPU.ActiveCfg = Debug|Any CPU
		{925534FD-C38B-5571-23B0-62982B24DC6C}.Debug R25|Any CPU.Build.0 = Debug|Any CPU
		{925534FD-C38B-5571-23B0-62982B24DC6C}.Debug R26|Any CPU.ActiveCfg = Debug|Any CPU
		{925534FD-C38B-5571-23B0-62982B24DC6C}.Debug R26|Any CPU.Build.0 = Debug|Any CPU
		{925534FD-C38B-5571-23B0-62982B24DC6C}.Release Automation|Any CPU.ActiveCfg = Release|Any CPU
		{925534FD-C38B-5571-23B0-62982B24DC6C}.Release Engine|Any CPU.ActiveCfg = Release|Any CPU
		{925534FD-C38B-5571-23B0-62982B24DC6C}.Release Frontend|Any CPU.ActiveCfg = Release|Any CPU
		{925534FD-C38B-5571-23B0-62982B24DC6C}.Release Frontend|Any CPU.Build.0 = Release|Any CPU
		{925534FD-C38B-5571-23B0-62982B24DC6C}.Release R21|Any CPU.ActiveCfg = Release|Any CPU
		{925534FD-C38B-5571-23B0-62982B24DC6C}.Release R21|Any CPU.Build.0 = Release|Any CPU
		{925534FD-C38B-5571-23B0-62982B24DC6C}.Release R22|Any CPU.ActiveCfg = Release|Any CPU
		{925534FD-C38B-5571-23B0-62982B24DC6C}.Release R22|Any CPU.Build.0 = Release|Any CPU
		{925534FD-C38B-5571-23B0-62982B24DC6C}.Release R23|Any CPU.ActiveCfg = Release|Any CPU
		{925534FD-C38B-5571-23B0-62982B24DC6C}.Release R23|Any CPU.Build.0 = Release|Any CPU
		{925534FD-C38B-5571-23B0-62982B24DC6C}.Release R24|Any CPU.ActiveCfg = Release|Any CPU
		{925534FD-C38B-5571-23B0-62982B24DC6C}.Release R24|Any CPU.Build.0 = Release|Any CPU
		{925534FD-C38B-5571-23B0-62982B24DC6C}.Release R25|Any CPU.ActiveCfg = Release|Any CPU
		{925534FD-C38B-5571-23B0-62982B24DC6C}.Release R25|Any CPU.Build.0 = Release|Any CPU
		{925534FD-C38B-5571-23B0-62982B24DC6C}.Release R26|Any CPU.ActiveCfg = Release|Any CPU
		{925534FD-C38B-5571-23B0-62982B24DC6C}.Release R26|Any CPU.Build.0 = Release|Any CPU
		{4FADCDA4-2A63-BF3E-03C8-20102440CA7C}.Debug Engine|Any CPU.ActiveCfg = Debug|Any CPU
		{4FADCDA4-2A63-BF3E-03C8-20102440CA7C}.Debug Frontend|Any CPU.ActiveCfg = Debug|Any CPU
		{4FADCDA4-2A63-BF3E-03C8-20102440CA7C}.Debug Frontend|Any CPU.Build.0 = Debug|Any CPU
		{4FADCDA4-2A63-BF3E-03C8-20102440CA7C}.Debug R21|Any CPU.ActiveCfg = Debug|Any CPU
		{4FADCDA4-2A63-BF3E-03C8-20102440CA7C}.Debug R22|Any CPU.ActiveCfg = Debug|Any CPU
		{4FADCDA4-2A63-BF3E-03C8-20102440CA7C}.Debug R23|Any CPU.ActiveCfg = Debug|Any CPU
		{4FADCDA4-2A63-BF3E-03C8-20102440CA7C}.Debug R24|Any CPU.ActiveCfg = Debug|Any CPU
		{4FADCDA4-2A63-BF3E-03C8-20102440CA7C}.Debug R25|Any CPU.ActiveCfg = Debug|Any CPU
		{4FADCDA4-2A63-BF3E-03C8-20102440CA7C}.Debug R26|Any CPU.ActiveCfg = Debug|Any CPU
		{4FADCDA4-2A63-BF3E-03C8-20102440CA7C}.Release Automation|Any CPU.ActiveCfg = Release|Any CPU
		{4FADCDA4-2A63-BF3E-03C8-20102440CA7C}.Release Engine|Any CPU.ActiveCfg = Release|Any CPU
		{4FADCDA4-2A63-BF3E-03C8-20102440CA7C}.Release Frontend|Any CPU.ActiveCfg = Release|Any CPU
		{4FADCDA4-2A63-BF3E-03C8-20102440CA7C}.Release Frontend|Any CPU.Build.0 = Release|Any CPU
		{4FADCDA4-2A63-BF3E-03C8-20102440CA7C}.Release R21|Any CPU.ActiveCfg = Release|Any CPU
		{4FADCDA4-2A63-BF3E-03C8-20102440CA7C}.Release R22|Any CPU.ActiveCfg = Release|Any CPU
		{4FADCDA4-2A63-BF3E-03C8-20102440CA7C}.Release R23|Any CPU.ActiveCfg = Release|Any CPU
		{4FADCDA4-2A63-BF3E-03C8-20102440CA7C}.Release R24|Any CPU.ActiveCfg = Release|Any CPU
		{4FADCDA4-2A63-BF3E-03C8-20102440CA7C}.Release R25|Any CPU.ActiveCfg = Release|Any CPU
		{4FADCDA4-2A63-BF3E-03C8-20102440CA7C}.Release R26|Any CPU.ActiveCfg = Release|Any CPU
		{DED9FF57-E78C-F4C2-9CFD-368819DFE4C1}.Debug Engine|Any CPU.ActiveCfg = Debug|Any CPU
		{DED9FF57-E78C-F4C2-9CFD-368819DFE4C1}.Debug Frontend|Any CPU.ActiveCfg = Debug|Any CPU
		{DED9FF57-E78C-F4C2-9CFD-368819DFE4C1}.Debug Frontend|Any CPU.Build.0 = Debug|Any CPU
		{DED9FF57-E78C-F4C2-9CFD-368819DFE4C1}.Debug R21|Any CPU.ActiveCfg = Debug|Any CPU
		{DED9FF57-E78C-F4C2-9CFD-368819DFE4C1}.Debug R21|Any CPU.Build.0 = Debug|Any CPU
		{DED9FF57-E78C-F4C2-9CFD-368819DFE4C1}.Debug R22|Any CPU.ActiveCfg = Debug|Any CPU
		{DED9FF57-E78C-F4C2-9CFD-368819DFE4C1}.Debug R22|Any CPU.Build.0 = Debug|Any CPU
		{DED9FF57-E78C-F4C2-9CFD-368819DFE4C1}.Debug R23|Any CPU.ActiveCfg = Debug|Any CPU
		{DED9FF57-E78C-F4C2-9CFD-368819DFE4C1}.Debug R23|Any CPU.Build.0 = Debug|Any CPU
		{DED9FF57-E78C-F4C2-9CFD-368819DFE4C1}.Debug R24|Any CPU.ActiveCfg = Debug|Any CPU
		{DED9FF57-E78C-F4C2-9CFD-368819DFE4C1}.Debug R24|Any CPU.Build.0 = Debug|Any CPU
		{DED9FF57-E78C-F4C2-9CFD-368819DFE4C1}.Debug R25|Any CPU.ActiveCfg = Debug|Any CPU
		{DED9FF57-E78C-F4C2-9CFD-368819DFE4C1}.Debug R25|Any CPU.Build.0 = Debug|Any CPU
		{DED9FF57-E78C-F4C2-9CFD-368819DFE4C1}.Debug R26|Any CPU.ActiveCfg = Debug|Any CPU
		{DED9FF57-E78C-F4C2-9CFD-368819DFE4C1}.Debug R26|Any CPU.Build.0 = Debug|Any CPU
		{DED9FF57-E78C-F4C2-9CFD-368819DFE4C1}.Release Automation|Any CPU.ActiveCfg = Release|Any CPU
		{DED9FF57-E78C-F4C2-9CFD-368819DFE4C1}.Release Engine|Any CPU.ActiveCfg = Release|Any CPU
		{DED9FF57-E78C-F4C2-9CFD-368819DFE4C1}.Release Frontend|Any CPU.ActiveCfg = Release|Any CPU
		{DED9FF57-E78C-F4C2-9CFD-368819DFE4C1}.Release Frontend|Any CPU.Build.0 = Release|Any CPU
		{DED9FF57-E78C-F4C2-9CFD-368819DFE4C1}.Release R21|Any CPU.ActiveCfg = Release|Any CPU
		{DED9FF57-E78C-F4C2-9CFD-368819DFE4C1}.Release R21|Any CPU.Build.0 = Release|Any CPU
		{DED9FF57-E78C-F4C2-9CFD-368819DFE4C1}.Release R22|Any CPU.ActiveCfg = Release|Any CPU
		{DED9FF57-E78C-F4C2-9CFD-368819DFE4C1}.Release R22|Any CPU.Build.0 = Release|Any CPU
		{DED9FF57-E78C-F4C2-9CFD-368819DFE4C1}.Release R23|Any CPU.ActiveCfg = Release|Any CPU
		{DED9FF57-E78C-F4C2-9CFD-368819DFE4C1}.Release R23|Any CPU.Build.0 = Release|Any CPU
		{DED9FF57-E78C-F4C2-9CFD-368819DFE4C1}.Release R24|Any CPU.ActiveCfg = Release|Any CPU
		{DED9FF57-E78C-F4C2-9CFD-368819DFE4C1}.Release R24|Any CPU.Build.0 = Release|Any CPU
		{DED9FF57-E78C-F4C2-9CFD-368819DFE4C1}.Release R25|Any CPU.ActiveCfg = Release|Any CPU
		{DED9FF57-E78C-F4C2-9CFD-368819DFE4C1}.Release R25|Any CPU.Build.0 = Release|Any CPU
		{DED9FF57-E78C-F4C2-9CFD-368819DFE4C1}.Release R26|Any CPU.ActiveCfg = Release|Any CPU
		{DED9FF57-E78C-F4C2-9CFD-368819DFE4C1}.Release R26|Any CPU.Build.0 = Release|Any CPU
		{7B7CA95C-9873-5ADB-DBCF-B46046742163}.Debug Engine|Any CPU.ActiveCfg = Debug R25|Any CPU
		{7B7CA95C-9873-5ADB-DBCF-B46046742163}.Debug Frontend|Any CPU.ActiveCfg = Debug R25|Any CPU
		{7B7CA95C-9873-5ADB-DBCF-B46046742163}.Debug R21|Any CPU.ActiveCfg = Debug R21|Any CPU
		{7B7CA95C-9873-5ADB-DBCF-B46046742163}.Debug R21|Any CPU.Build.0 = Debug R21|Any CPU
		{7B7CA95C-9873-5ADB-DBCF-B46046742163}.Debug R22|Any CPU.ActiveCfg = Debug R22|Any CPU
		{7B7CA95C-9873-5ADB-DBCF-B46046742163}.Debug R22|Any CPU.Build.0 = Debug R22|Any CPU
		{7B7CA95C-9873-5ADB-DBCF-B46046742163}.Debug R23|Any CPU.ActiveCfg = Debug R23|Any CPU
		{7B7CA95C-9873-5ADB-DBCF-B46046742163}.Debug R23|Any CPU.Build.0 = Debug R23|Any CPU
		{7B7CA95C-9873-5ADB-DBCF-B46046742163}.Debug R24|Any CPU.ActiveCfg = Debug R24|Any CPU
		{7B7CA95C-9873-5ADB-DBCF-B46046742163}.Debug R24|Any CPU.Build.0 = Debug R24|Any CPU
		{7B7CA95C-9873-5ADB-DBCF-B46046742163}.Debug R25|Any CPU.ActiveCfg = Debug R25|Any CPU
		{7B7CA95C-9873-5ADB-DBCF-B46046742163}.Debug R25|Any CPU.Build.0 = Debug R25|Any CPU
		{7B7CA95C-9873-5ADB-DBCF-B46046742163}.Debug R26|Any CPU.ActiveCfg = Debug R26|Any CPU
		{7B7CA95C-9873-5ADB-DBCF-B46046742163}.Debug R26|Any CPU.Build.0 = Debug R26|Any CPU
		{7B7CA95C-9873-5ADB-DBCF-B46046742163}.Release Automation|Any CPU.ActiveCfg = Release R25|Any CPU
		{7B7CA95C-9873-5ADB-DBCF-B46046742163}.Release Engine|Any CPU.ActiveCfg = Release R25|Any CPU
		{7B7CA95C-9873-5ADB-DBCF-B46046742163}.Release Frontend|Any CPU.ActiveCfg = Release R25|Any CPU
		{7B7CA95C-9873-5ADB-DBCF-B46046742163}.Release R21|Any CPU.ActiveCfg = Release R21|Any CPU
		{7B7CA95C-9873-5ADB-DBCF-B46046742163}.Release R21|Any CPU.Build.0 = Release R21|Any CPU
		{7B7CA95C-9873-5ADB-DBCF-B46046742163}.Release R22|Any CPU.ActiveCfg = Release R22|Any CPU
		{7B7CA95C-9873-5ADB-DBCF-B46046742163}.Release R22|Any CPU.Build.0 = Release R22|Any CPU
		{7B7CA95C-9873-5ADB-DBCF-B46046742163}.Release R23|Any CPU.ActiveCfg = Release R23|Any CPU
		{7B7CA95C-9873-5ADB-DBCF-B46046742163}.Release R23|Any CPU.Build.0 = Release R23|Any CPU
		{7B7CA95C-9873-5ADB-DBCF-B46046742163}.Release R24|Any CPU.ActiveCfg = Release R24|Any CPU
		{7B7CA95C-9873-5ADB-DBCF-B46046742163}.Release R24|Any CPU.Build.0 = Release R24|Any CPU
		{7B7CA95C-9873-5ADB-DBCF-B46046742163}.Release R25|Any CPU.ActiveCfg = Release R25|Any CPU
		{7B7CA95C-9873-5ADB-DBCF-B46046742163}.Release R25|Any CPU.Build.0 = Release R25|Any CPU
		{7B7CA95C-9873-5ADB-DBCF-B46046742163}.Release R26|Any CPU.ActiveCfg = Release R26|Any CPU
		{7B7CA95C-9873-5ADB-DBCF-B46046742163}.Release R26|Any CPU.Build.0 = Release R26|Any CPU
		{280FCE1F-F215-F89A-D710-1D9770067692}.Debug Engine|Any CPU.ActiveCfg = Debug|Any CPU
		{280FCE1F-F215-F89A-D710-1D9770067692}.Debug Frontend|Any CPU.ActiveCfg = Debug|Any CPU
		{280FCE1F-F215-F89A-D710-1D9770067692}.Debug R21|Any CPU.ActiveCfg = Debug|Any CPU
		{280FCE1F-F215-F89A-D710-1D9770067692}.Debug R22|Any CPU.ActiveCfg = Debug|Any CPU
		{280FCE1F-F215-F89A-D710-1D9770067692}.Debug R23|Any CPU.ActiveCfg = Debug|Any CPU
		{280FCE1F-F215-F89A-D710-1D9770067692}.Debug R24|Any CPU.ActiveCfg = Debug|Any CPU
		{280FCE1F-F215-F89A-D710-1D9770067692}.Debug R25|Any CPU.ActiveCfg = Debug|Any CPU
		{280FCE1F-F215-F89A-D710-1D9770067692}.Debug R26|Any CPU.ActiveCfg = Debug|Any CPU
		{280FCE1F-F215-F89A-D710-1D9770067692}.Release Automation|Any CPU.ActiveCfg = Release|Any CPU
		{280FCE1F-F215-F89A-D710-1D9770067692}.Release Engine|Any CPU.ActiveCfg = Release|Any CPU
		{280FCE1F-F215-F89A-D710-1D9770067692}.Release Engine|Any CPU.Build.0 = Release|Any CPU
		{280FCE1F-F215-F89A-D710-1D9770067692}.Release Frontend|Any CPU.ActiveCfg = Release|Any CPU
		{280FCE1F-F215-F89A-D710-1D9770067692}.Release R21|Any CPU.ActiveCfg = Release|Any CPU
		{280FCE1F-F215-F89A-D710-1D9770067692}.Release R22|Any CPU.ActiveCfg = Release|Any CPU
		{280FCE1F-F215-F89A-D710-1D9770067692}.Release R23|Any CPU.ActiveCfg = Release|Any CPU
		{280FCE1F-F215-F89A-D710-1D9770067692}.Release R24|Any CPU.ActiveCfg = Release|Any CPU
		{280FCE1F-F215-F89A-D710-1D9770067692}.Release R25|Any CPU.ActiveCfg = Release|Any CPU
		{280FCE1F-F215-F89A-D710-1D9770067692}.Release R26|Any CPU.ActiveCfg = Release|Any CPU
		{E8D6B99E-2C38-C524-525B-EF812BB3926C}.Debug Engine|Any CPU.ActiveCfg = Debug|Any CPU
		{E8D6B99E-2C38-C524-525B-EF812BB3926C}.Debug Engine|Any CPU.Build.0 = Debug|Any CPU
		{E8D6B99E-2C38-C524-525B-EF812BB3926C}.Debug Frontend|Any CPU.ActiveCfg = Debug|Any CPU
		{E8D6B99E-2C38-C524-525B-EF812BB3926C}.Debug R21|Any CPU.ActiveCfg = Debug|Any CPU
		{E8D6B99E-2C38-C524-525B-EF812BB3926C}.Debug R22|Any CPU.ActiveCfg = Debug|Any CPU
		{E8D6B99E-2C38-C524-525B-EF812BB3926C}.Debug R23|Any CPU.ActiveCfg = Debug|Any CPU
		{E8D6B99E-2C38-C524-525B-EF812BB3926C}.Debug R24|Any CPU.ActiveCfg = Debug|Any CPU
		{E8D6B99E-2C38-C524-525B-EF812BB3926C}.Debug R25|Any CPU.ActiveCfg = Debug|Any CPU
		{E8D6B99E-2C38-C524-525B-EF812BB3926C}.Debug R26|Any CPU.ActiveCfg = Debug|Any CPU
		{E8D6B99E-2C38-C524-525B-EF812BB3926C}.Release Automation|Any CPU.ActiveCfg = Release|Any CPU
		{E8D6B99E-2C38-C524-525B-EF812BB3926C}.Release Engine|Any CPU.ActiveCfg = Release|Any CPU
		{E8D6B99E-2C38-C524-525B-EF812BB3926C}.Release Engine|Any CPU.Build.0 = Release|Any CPU
		{E8D6B99E-2C38-C524-525B-EF812BB3926C}.Release Frontend|Any CPU.ActiveCfg = Release|Any CPU
		{E8D6B99E-2C38-C524-525B-EF812BB3926C}.Release R21|Any CPU.ActiveCfg = Release|Any CPU
		{E8D6B99E-2C38-C524-525B-EF812BB3926C}.Release R22|Any CPU.ActiveCfg = Release|Any CPU
		{E8D6B99E-2C38-C524-525B-EF812BB3926C}.Release R23|Any CPU.ActiveCfg = Release|Any CPU
		{E8D6B99E-2C38-C524-525B-EF812BB3926C}.Release R24|Any CPU.ActiveCfg = Release|Any CPU
		{E8D6B99E-2C38-C524-525B-EF812BB3926C}.Release R25|Any CPU.ActiveCfg = Release|Any CPU
		{E8D6B99E-2C38-C524-525B-EF812BB3926C}.Release R26|Any CPU.ActiveCfg = Release|Any CPU
	EndGlobalSection
	GlobalSection(NestedProjects) = preSolution
		{7DF908B3-503D-51C2-3675-626DC2895B77} = {BE4A8008-4A00-8C08-26C2-BD576741EBBE}
		{0B3682BA-1074-598D-D8A6-04BB7116F36C} = {BE4A8008-4A00-8C08-26C2-BD576741EBBE}
		{C075FD80-58C0-8D06-69F2-853E4D51AFE8} = {D585295F-7994-3649-1065-7AA403C41681}
		{BD145DF8-35DF-8587-A26B-968A550D1D06} = {D585295F-7994-3649-1065-7AA403C41681}
		{B687BEC0-11DB-7690-478A-444D8D9FCE25} = {CE609670-85B9-0D16-FB54-ED063D5D8A6D}
		{925534FD-C38B-5571-23B0-62982B24DC6C} = {CE609670-85B9-0D16-FB54-ED063D5D8A6D}
		{4FADCDA4-2A63-BF3E-03C8-20102440CA7C} = {CE609670-85B9-0D16-FB54-ED063D5D8A6D}
		{DED9FF57-E78C-F4C2-9CFD-368819DFE4C1} = {CE609670-85B9-0D16-FB54-ED063D5D8A6D}
		{7B7CA95C-9873-5ADB-DBCF-B46046742163} = {D64246B1-3E22-9D95-23C6-14262B074D58}
		{280FCE1F-F215-F89A-D710-1D9770067692} = {0AB3BF05-4346-4AA6-1389-037BE0695223}
		{E8D6B99E-2C38-C524-525B-EF812BB3926C} = {0AB3BF05-4346-4AA6-1389-037BE0695223}
	EndGlobalSection
EndGlobal
